// !$*UTF8*$!
{
	archiveVersion = 1;
	classes = {
	};
	objectVersion = 46;
	objects = {

/* Begin PBXBuildFile section */
		EBEC0B541BE572A800113657 /* AppDelegate.swift in Sources */ = {isa = PBXBuildFile; fileRef = EBEC0B531BE572A800113657 /* AppDelegate.swift */; };
		EBEC0B561BE572A800113657 /* ViewController.swift in Sources */ = {isa = PBXBuildFile; fileRef = EBEC0B551BE572A800113657 /* ViewController.swift */; };
		EBEC0B591BE572A800113657 /* Main.storyboard in Resources */ = {isa = PBXBuildFile; fileRef = EBEC0B571BE572A800113657 /* Main.storyboard */; };
		EBEC0B5B1BE572A800113657 /* Assets.xcassets in Resources */ = {isa = PBXBuildFile; fileRef = EBEC0B5A1BE572A800113657 /* Assets.xcassets */; };
		EBEC0B5E1BE572A800113657 /* LaunchScreen.storyboard in Resources */ = {isa = PBXBuildFile; fileRef = EBEC0B5C1BE572A800113657 /* LaunchScreen.storyboard */; };
		EBEC0B691BE572A800113657 /* AnotherTryTests.swift in Sources */ = {isa = PBXBuildFile; fileRef = EBEC0B681BE572A800113657 /* AnotherTryTests.swift */; };
/* End PBXBuildFile section */

/* Begin PBXContainerItemProxy section */
		EBEC0B651BE572A800113657 /* PBXContainerItemProxy */ = {
			isa = PBXContainerItemProxy;
			containerPortal = EBEC0B481BE572A800113657 /* Project object */;
			proxyType = 1;
			remoteGlobalIDString = EBEC0B4F1BE572A800113657;
			remoteInfo = AnotherTry;
		};
/* End PBXContainerItemProxy section */

/* Begin PBXFileReference section */
		EBEC0B501BE572A800113657 /* AnotherTry.app */ = {isa = PBXFileReference; explicitFileType = wrapper.application; includeInIndex = 0; path = AnotherTry.app; sourceTree = BUILT_PRODUCTS_DIR; };
		EBEC0B531BE572A800113657 /* AppDelegate.swift */ = {isa = PBXFileReference; lastKnownFileType = sourcecode.swift; path = AppDelegate.swift; sourceTree = "<group>"; };
		EBEC0B551BE572A800113657 /* ViewController.swift */ = {isa = PBXFileReference; lastKnownFileType = sourcecode.swift; path = ViewController.swift; sourceTree = "<group>"; };
		EBEC0B581BE572A800113657 /* Base */ = {isa = PBXFileReference; lastKnownFileType = file.storyboard; name = Base; path = Base.lproj/Main.storyboard; sourceTree = "<group>"; };
		EBEC0B5A1BE572A800113657 /* Assets.xcassets */ = {isa = PBXFileReference; lastKnownFileType = folder.assetcatalog; path = Assets.xcassets; sourceTree = "<group>"; };
		EBEC0B5D1BE572A800113657 /* Base */ = {isa = PBXFileReference; lastKnownFileType = file.storyboard; name = Base; path = Base.lproj/LaunchScreen.storyboard; sourceTree = "<group>"; };
		EBEC0B5F1BE572A800113657 /* Info.plist */ = {isa = PBXFileReference; lastKnownFileType = text.plist.xml; path = Info.plist; sourceTree = "<group>"; };
		EBEC0B641BE572A800113657 /* AnotherTryTests.xctest */ = {isa = PBXFileReference; explicitFileType = wrapper.cfbundle; includeInIndex = 0; path = AnotherTryTests.xctest; sourceTree = BUILT_PRODUCTS_DIR; };
		EBEC0B681BE572A800113657 /* AnotherTryTests.swift */ = {isa = PBXFileReference; lastKnownFileType = sourcecode.swift; path = AnotherTryTests.swift; sourceTree = "<group>"; };
		EBEC0B6A1BE572A800113657 /* Info.plist */ = {isa = PBXFileReference; lastKnownFileType = text.plist.xml; path = Info.plist; sourceTree = "<group>"; };
/* End PBXFileReference section */

/* Begin PBXFrameworksBuildPhase section */
		EBEC0B4D1BE572A800113657 /* Frameworks */ = {
			isa = PBXFrameworksBuildPhase;
			buildActionMask = 2147483647;
			files = (
			);
			runOnlyForDeploymentPostprocessing = 0;
		};
		EBEC0B611BE572A800113657 /* Frameworks */ = {
			isa = PBXFrameworksBuildPhase;
			buildActionMask = 2147483647;
			files = (
			);
			runOnlyForDeploymentPostprocessing = 0;
		};
/* End PBXFrameworksBuildPhase section */

/* Begin PBXGroup section */
		EBEC0B471BE572A800113657 = {
			isa = PBXGroup;
			children = (
				EBEC0B521BE572A800113657 /* AnotherTry */,
				EBEC0B671BE572A800113657 /* AnotherTryTests */,
				EBEC0B511BE572A800113657 /* Products */,
			);
			sourceTree = "<group>";
		};
		EBEC0B511BE572A800113657 /* Products */ = {
			isa = PBXGroup;
			children = (
				EBEC0B501BE572A800113657 /* AnotherTry.app */,
				EBEC0B641BE572A800113657 /* AnotherTryTests.xctest */,
			);
			name = Products;
			sourceTree = "<group>";
		};
		EBEC0B521BE572A800113657 /* AnotherTry */ = {
			isa = PBXGroup;
			children = (
				EBEC0B531BE572A800113657 /* AppDelegate.swift */,
				EBEC0B551BE572A800113657 /* ViewController.swift */,
				EBEC0B571BE572A800113657 /* Main.storyboard */,
				EBEC0B5A1BE572A800113657 /* Assets.xcassets */,
				EBEC0B5C1BE572A800113657 /* LaunchScreen.storyboard */,
				EBEC0B5F1BE572A800113657 /* Info.plist */,
			);
			path = AnotherTry;
			sourceTree = "<group>";
		};
		EBEC0B671BE572A800113657 /* AnotherTryTests */ = {
			isa = PBXGroup;
			children = (
				EBEC0B681BE572A800113657 /* AnotherTryTests.swift */,
				EBEC0B6A1BE572A800113657 /* Info.plist */,
			);
			path = AnotherTryTests;
			sourceTree = "<group>";
		};
/* End PBXGroup section */

/* Begin PBXNativeTarget section */
		EBEC0B4F1BE572A800113657 /* AnotherTry */ = {
			isa = PBXNativeTarget;
			buildConfigurationList = EBEC0B6D1BE572A800113657 /* Build configuration list for PBXNativeTarget "AnotherTry" */;
			buildPhases = (
				EBEC0B4C1BE572A800113657 /* Sources */,
				EBEC0B4D1BE572A800113657 /* Frameworks */,
				EBEC0B4E1BE572A800113657 /* Resources */,
			);
			buildRules = (
			);
			dependencies = (
			);
			name = AnotherTry;
			productName = AnotherTry;
			productReference = EBEC0B501BE572A800113657 /* AnotherTry.app */;
			productType = "com.apple.product-type.application";
		};
		EBEC0B631BE572A800113657 /* AnotherTryTests */ = {
			isa = PBXNativeTarget;
			buildConfigurationList = EBEC0B701BE572A800113657 /* Build configuration list for PBXNativeTarget "AnotherTryTests" */;
			buildPhases = (
				EBEC0B601BE572A800113657 /* Sources */,
				EBEC0B611BE572A800113657 /* Frameworks */,
				EBEC0B621BE572A800113657 /* Resources */,
			);
			buildRules = (
			);
			dependencies = (
				EBEC0B661BE572A800113657 /* PBXTargetDependency */,
			);
			name = AnotherTryTests;
			productName = AnotherTryTests;
			productReference = EBEC0B641BE572A800113657 /* AnotherTryTests.xctest */;
			productType = "com.apple.product-type.bundle.unit-test";
		};
/* End PBXNativeTarget section */

/* Begin PBXProject section */
		EBEC0B481BE572A800113657 /* Project object */ = {
			isa = PBXProject;
			attributes = {
				LastSwiftUpdateCheck = 0710;
				LastUpgradeCheck = 0710;
				ORGANIZATIONNAME = "Sheena Bryant";
				TargetAttributes = {
					EBEC0B4F1BE572A800113657 = {
						CreatedOnToolsVersion = 7.1;
					};
					EBEC0B631BE572A800113657 = {
						CreatedOnToolsVersion = 7.1;
						TestTargetID = EBEC0B4F1BE572A800113657;
					};
				};
			};
			buildConfigurationList = EBEC0B4B1BE572A800113657 /* Build configuration list for PBXProject "AnotherTry" */;
			compatibilityVersion = "Xcode 3.2";
			developmentRegion = English;
			hasScannedForEncodings = 0;
			knownRegions = (
				en,
				Base,
			);
			mainGroup = EBEC0B471BE572A800113657;
			productRefGroup = EBEC0B511BE572A800113657 /* Products */;
			projectDirPath = "";
			projectRoot = "";
			targets = (
				EBEC0B4F1BE572A800113657 /* AnotherTry */,
				EBEC0B631BE572A800113657 /* AnotherTryTests */,
			);
		};
/* End PBXProject section */

/* Begin PBXResourcesBuildPhase section */
		EBEC0B4E1BE572A800113657 /* Resources */ = {
			isa = PBXResourcesBuildPhase;
			buildActionMask = 2147483647;
			files = (
				EBEC0B5E1BE572A800113657 /* LaunchScreen.storyboard in Resources */,
				EBEC0B5B1BE572A800113657 /* Assets.xcassets in Resources */,
				EBEC0B591BE572A800113657 /* Main.storyboard in Resources */,
			);
			runOnlyForDeploymentPostprocessing = 0;
		};
		EBEC0B621BE572A800113657 /* Resources */ = {
			isa = PBXResourcesBuildPhase;
			buildActionMask = 2147483647;
			files = (
			);
			runOnlyForDeploymentPostprocessing = 0;
		};
/* End PBXResourcesBuildPhase section */

/* Begin PBXSourcesBuildPhase section */
		EBEC0B4C1BE572A800113657 /* Sources */ = {
			isa = PBXSourcesBuildPhase;
			buildActionMask = 2147483647;
			files = (
				EBEC0B561BE572A800113657 /* ViewController.swift in Sources */,
				EBEC0B541BE572A800113657 /* AppDelegate.swift in Sources */,
			);
			runOnlyForDeploymentPostprocessing = 0;
		};
		EBEC0B601BE572A800113657 /* Sources */ = {
			isa = PBXSourcesBuildPhase;
			buildActionMask = 2147483647;
			files = (
				EBEC0B691BE572A800113657 /* AnotherTryTests.swift in Sources */,
			);
			runOnlyForDeploymentPostprocessing = 0;
		};
/* End PBXSourcesBuildPhase section */

/* Begin PBXTargetDependency section */
		EBEC0B661BE572A800113657 /* PBXTargetDependency */ = {
			isa = PBXTargetDependency;
			target = EBEC0B4F1BE572A800113657 /* AnotherTry */;
			targetProxy = EBEC0B651BE572A800113657 /* PBXContainerItemProxy */;
		};
/* End PBXTargetDependency section */

/* Begin PBXVariantGroup section */
		EBEC0B571BE572A800113657 /* Main.storyboard */ = {
			isa = PBXVariantGroup;
			children = (
				EBEC0B581BE572A800113657 /* Base */,
			);
			name = Main.storyboard;
			sourceTree = "<group>";
		};
		EBEC0B5C1BE572A800113657 /* LaunchScreen.storyboard */ = {
			isa = PBXVariantGroup;
			children = (
				EBEC0B5D1BE572A800113657 /* Base */,
			);
			name = LaunchScreen.storyboard;
			sourceTree = "<group>";
		};
/* End PBXVariantGroup section */

/* Begin XCBuildConfiguration section */
		EBEC0B6B1BE572A800113657 /* Debug */ = {
			isa = XCBuildConfiguration;
			buildSettings = {
				ALWAYS_SEARCH_USER_PATHS = NO;
				CLANG_CXX_LANGUAGE_STANDARD = "gnu++0x";
				CLANG_CXX_LIBRARY = "libc++";
				CLANG_ENABLE_MODULES = YES;
				CLANG_ENABLE_OBJC_ARC = YES;
				CLANG_WARN_BOOL_CONVERSION = YES;
				CLANG_WARN_CONSTANT_CONVERSION = YES;
				CLANG_WARN_DIRECT_OBJC_ISA_USAGE = YES_ERROR;
				CLANG_WARN_EMPTY_BODY = YES;
				CLANG_WARN_ENUM_CONVERSION = YES;
				CLANG_WARN_INT_CONVERSION = YES;
				CLANG_WARN_OBJC_ROOT_CLASS = YES_ERROR;
				CLANG_WARN_UNREACHABLE_CODE = YES;
				CLANG_WARN__DUPLICATE_METHOD_MATCH = YES;
				"CODE_SIGN_IDENTITY[sdk=iphoneos*]" = "iPhone Developer";
				COPY_PHASE_STRIP = NO;
				DEBUG_INFORMATION_FORMAT = dwarf;
				ENABLE_STRICT_OBJC_MSGSEND = YES;
				ENABLE_TESTABILITY = YES;
				GCC_C_LANGUAGE_STANDARD = gnu99;
				GCC_DYNAMIC_NO_PIC = NO;
				GCC_NO_COMMON_BLOCKS = YES;
				GCC_OPTIMIZATION_LEVEL = 0;
				GCC_PREPROCESSOR_DEFINITIONS = (
					"DEBUG=1",
					"$(inherited)",
				);
				GCC_WARN_64_TO_32_BIT_CONVERSION = YES;
				GCC_WARN_ABOUT_RETURN_TYPE = YES_ERROR;
				GCC_WARN_UNDECLARED_SELECTOR = YES;
				GCC_WARN_UNINITIALIZED_AUTOS = YES_AGGRESSIVE;
				GCC_WARN_UNUSED_FUNCTION = YES;
				GCC_WARN_UNUSED_VARIABLE = YES;
				IPHONEOS_DEPLOYMENT_TARGET = 9.1;
				MTL_ENABLE_DEBUG_INFO = YES;
				ONLY_ACTIVE_ARCH = YES;
				SDKROOT = iphoneos;
				SWIFT_OPTIMIZATION_LEVEL = "-Onone";
			};
			name = Debug;
		};
		EBEC0B6C1BE572A800113657 /* Release */ = {
			isa = XCBuildConfiguration;
			buildSettings = {
				ALWAYS_SEARCH_USER_PATHS = NO;
				CLANG_CXX_LANGUAGE_STANDARD = "gnu++0x";
				CLANG_CXX_LIBRARY = "libc++";
				CLANG_ENABLE_MODULES = YES;
				CLANG_ENABLE_OBJC_ARC = YES;
				CLANG_WARN_BOOL_CONVERSION = YES;
				CLANG_WARN_CONSTANT_CONVERSION = YES;
				CLANG_WARN_DIRECT_OBJC_ISA_USAGE = YES_ERROR;
				CLANG_WARN_EMPTY_BODY = YES;
				CLANG_WARN_ENUM_CONVERSION = YES;
				CLANG_WARN_INT_CONVERSION = YES;
				CLANG_WARN_OBJC_ROOT_CLASS = YES_ERROR;
				CLANG_WARN_UNREACHABLE_CODE = YES;
				CLANG_WARN__DUPLICATE_METHOD_MATCH = YES;
				"CODE_SIGN_IDENTITY[sdk=iphoneos*]" = "iPhone Developer";
				COPY_PHASE_STRIP = NO;
				DEBUG_INFORMATION_FORMAT = "dwarf-with-dsym";
				ENABLE_NS_ASSERTIONS = NO;
				ENABLE_STRICT_OBJC_MSGSEND = YES;
				GCC_C_LANGUAGE_STANDARD = gnu99;
				GCC_NO_COMMON_BLOCKS = YES;
				GCC_WARN_64_TO_32_BIT_CONVERSION = YES;
				GCC_WARN_ABOUT_RETURN_TYPE = YES_ERROR;
				GCC_WARN_UNDECLARED_SELECTOR = YES;
				GCC_WARN_UNINITIALIZED_AUTOS = YES_AGGRESSIVE;
				GCC_WARN_UNUSED_FUNCTION = YES;
				GCC_WARN_UNUSED_VARIABLE = YES;
				IPHONEOS_DEPLOYMENT_TARGET = 9.1;
				MTL_ENABLE_DEBUG_INFO = NO;
				SDKROOT = iphoneos;
				VALIDATE_PRODUCT = YES;
			};
			name = Release;
		};
		EBEC0B6E1BE572A800113657 /* Debug */ = {
			isa = XCBuildConfiguration;
			buildSettings = {
				ASSETCATALOG_COMPILER_APPICON_NAME = AppIcon;
				INFOPLIST_FILE = AnotherTry/Info.plist;
				LD_RUNPATH_SEARCH_PATHS = "$(inherited) @executable_path/Frameworks";
				PRODUCT_BUNDLE_IDENTIFIER = com.example.AnotherTry;
				PRODUCT_NAME = "$(TARGET_NAME)";
			};
			name = Debug;
		};
		EBEC0B6F1BE572A800113657 /* Release */ = {
			isa = XCBuildConfiguration;
			buildSettings = {
				ASSETCATALOG_COMPILER_APPICON_NAME = AppIcon;
				INFOPLIST_FILE = AnotherTry/Info.plist;
				LD_RUNPATH_SEARCH_PATHS = "$(inherited) @executable_path/Frameworks";
				PRODUCT_BUNDLE_IDENTIFIER = com.example.AnotherTry;
				PRODUCT_NAME = "$(TARGET_NAME)";
			};
			name = Release;
		};
		EBEC0B711BE572A800113657 /* Debug */ = {
			isa = XCBuildConfiguration;
			buildSettings = {
				BUNDLE_LOADER = "$(TEST_HOST)";
				INFOPLIST_FILE = AnotherTryTests/Info.plist;
				LD_RUNPATH_SEARCH_PATHS = "$(inherited) @executable_path/Frameworks @loader_path/Frameworks";
				PRODUCT_BUNDLE_IDENTIFIER = com.example.AnotherTryTests;
				PRODUCT_NAME = "$(TARGET_NAME)";
				TEST_HOST = "$(BUILT_PRODUCTS_DIR)/AnotherTry.app/AnotherTry";
			};
			name = Debug;
		};
		EBEC0B721BE572A800113657 /* Release */ = {
			isa = XCBuildConfiguration;
			buildSettings = {
				BUNDLE_LOADER = "$(TEST_HOST)";
				INFOPLIST_FILE = AnotherTryTests/Info.plist;
				LD_RUNPATH_SEARCH_PATHS = "$(inherited) @executable_path/Frameworks @loader_path/Frameworks";
				PRODUCT_BUNDLE_IDENTIFIER = com.example.AnotherTryTests;
				PRODUCT_NAME = "$(TARGET_NAME)";
				TEST_HOST = "$(BUILT_PRODUCTS_DIR)/AnotherTry.app/AnotherTry";
			};
			name = Release;
		};
/* End XCBuildConfiguration section */

/* Begin XCConfigurationList section */
		EBEC0B4B1BE572A800113657 /* Build configuration list for PBXProject "AnotherTry" */ = {
			isa = XCConfigurationList;
			buildConfigurations = (
				EBEC0B6B1BE572A800113657 /* Debug */,
				EBEC0B6C1BE572A800113657 /* Release */,
			);
			defaultConfigurationIsVisible = 0;
			defaultConfigurationName = Release;
		};
		EBEC0B6D1BE572A800113657 /* Build configuration list for PBXNativeTarget "AnotherTry" */ = {
			isa = XCConfigurationList;
			buildConfigurations = (
				EBEC0B6E1BE572A800113657 /* Debug */,
				EBEC0B6F1BE572A800113657 /* Release */,
			);
			defaultConfigurationIsVisible = 0;
		};
		EBEC0B701BE572A800113657 /* Build configuration list for PBXNativeTarget "AnotherTryTests" */ = {
			isa = XCConfigurationList;
			buildConfigurations = (
				EBEC0B711BE572A800113657 /* Debug */,
				EBEC0B721BE572A800113657 /* Release */,
			);
			defaultConfigurationIsVisible = 0;
		};
/* End XCConfigurationList section */
	};
	rootObject = EBEC0B481BE572A800113657 /* Project object */;
}
